# This file is automatically @generated by Cargo.
# It is not intended for manual editing.
version = 4

[[package]]
name = "suture-cli"
version = "0.1.0"
dependencies = [
 "suture-fetch",
 "suture-index",
 "suture-manifest",
 "suture-resolver",
 "suture-verify",
]

[[package]]
name = "suture-fetch"
version = "0.1.0"

[[package]]
name = "suture-index"
version = "0.1.0"

[[package]]
name = "suture-manifest"
version = "0.1.0"

[[package]]
name = "suture-resolver"
version = "0.1.0"
dependencies = [
 "suture-manifest",
]

[[package]]
name = "suture-sandbox"
version = "0.1.0"

[[package]]
name = "suture-verify"
version = "0.1.0"
